
Microsoft Visual Studio Solution File, Format Version 12.00
# Visual Studio Version 17
VisualStudioVersion = 17.12.35506.116 d17.12
MinimumVisualStudioVersion = 10.0.40219.1
Project("{2150E333-8FDC-42A3-9474-1A3956D46DE8}") = "packages", "packages", "{2A91B6CF-460D-491A-93FA-BFE7F734CB71}"
EndProject
Project("{2150E333-8FDC-42A3-9474-1A3956D46DE8}") = "src", "src", "{6EB7DD58-398F-4A7C-989A-C03C807CE32B}"
EndProject
Project("{2150E333-8FDC-42A3-9474-1A3956D46DE8}") = "src-pkg", "src-pkg", "{3B8C9427-E3A5-492F-B507-C73A5B2A0AAD}"
EndProject
Project("{2150E333-8FDC-42A3-9474-1A3956D46DE8}") = "tests", "tests", "{DE7FAD31-8078-4607-9878-DE120CAE29DE}"
EndProject
Project("{2150E333-8FDC-42A3-9474-1A3956D46DE8}") = "01-Domain", "01-Domain", "{BB2B7542-AD37-46A1-BAEA-C7AE784E719D}"
EndProject
Project("{2150E333-8FDC-42A3-9474-1A3956D46DE8}") = "02-Infrastructures", "02-Infrastructures", "{41ABA18C-D811-48E7-BF79-A7945F468322}"
EndProject
Project("{2150E333-8FDC-42A3-9474-1A3956D46DE8}") = "03-EndPoints", "03-EndPoints", "{B1BAF500-2C49-41AC-9EB5-34131A716790}"
EndProject
Project("{2150E333-8FDC-42A3-9474-1A3956D46DE8}") = "Core", "Core", "{44628C57-9DFF-4031-8629-9505E4181964}"
EndProject
Project("{2150E333-8FDC-42A3-9474-1A3956D46DE8}") = "Services", "Services", "{76F75EBE-6DA5-41C5-8C7C-3B297344E487}"
EndProject
Project("{FAE04EC0-301F-11D3-BF4B-00C04F79EFBC}") = "App.Domain.Core", "App.Domain.Core\App.Domain.Core.csproj", "{908CF945-F26C-475E-A2B7-907AF45DC877}"
EndProject
Project("{FAE04EC0-301F-11D3-BF4B-00C04F79EFBC}") = "App.Domain.AppServices", "App.Domain.AppServices\App.Domain.AppServices.csproj", "{4C7FC39F-0D10-4E60-8C00-9D28FB63D009}"
EndProject
Project("{FAE04EC0-301F-11D3-BF4B-00C04F79EFBC}") = "App.Domain.Services", "App.Domain.Services\App.Domain.Services.csproj", "{7F9DCFB9-433A-459D-834A-CF49980F7ED5}"
EndProject
Project("{FAE04EC0-301F-11D3-BF4B-00C04F79EFBC}") = "App.Infra.DataAccess.EF", "CardRepository\App.Infra.DataAccess.EF.csproj", "{9850033A-7262-4D7B-AE92-A0597EE09A9B}"
EndProject
Project("{FAE04EC0-301F-11D3-BF4B-00C04F79EFBC}") = "App.EndPoint", "Bank\App.EndPoint.csproj", "{E4DB22F8-5331-41CC-AED1-DF03A854BBBE}"
EndProject
Project("{2150E333-8FDC-42A3-9474-1A3956D46DE8}") = "Db", "Db", "{39943C43-8C14-43BF-AE84-DA5742392909}"
EndProject
Project("{FAE04EC0-301F-11D3-BF4B-00C04F79EFBC}") = "App.Infra.Data.Db.SqlServer.Ef", "App.Infra.Data.Db.SqlServer.Ef\App.Infra.Data.Db.SqlServer.Ef.csproj", "{0B4AAB95-DDB9-4A3C-B72A-28C2B3F53C92}"
EndProject
Project("{2150E333-8FDC-42A3-9474-1A3956D46DE8}") = "DataAccess", "DataAccess", "{DB72F612-D636-477F-B804-50A140760AB1}"
EndProject
Global
	GlobalSection(SolutionConfigurationPlatforms) = preSolution
		Debug|Any CPU = Debug|Any CPU
		Release|Any CPU = Release|Any CPU
	EndGlobalSection
	GlobalSection(ProjectConfigurationPlatforms) = postSolution
		{908CF945-F26C-475E-A2B7-907AF45DC877}.Debug|Any CPU.ActiveCfg = Debug|Any CPU
		{908CF945-F26C-475E-A2B7-907AF45DC877}.Debug|Any CPU.Build.0 = Debug|Any CPU
		{908CF945-F26C-475E-A2B7-907AF45DC877}.Release|Any CPU.ActiveCfg = Release|Any CPU
		{908CF945-F26C-475E-A2B7-907AF45DC877}.Release|Any CPU.Build.0 = Release|Any CPU
		{4C7FC39F-0D10-4E60-8C00-9D28FB63D009}.Debug|Any CPU.ActiveCfg = Debug|Any CPU
		{4C7FC39F-0D10-4E60-8C00-9D28FB63D009}.Debug|Any CPU.Build.0 = Debug|Any CPU
		{4C7FC39F-0D10-4E60-8C00-9D28FB63D009}.Release|Any CPU.ActiveCfg = Release|Any CPU
		{4C7FC39F-0D10-4E60-8C00-9D28FB63D009}.Release|Any CPU.Build.0 = Release|Any CPU
		{7F9DCFB9-433A-459D-834A-CF49980F7ED5}.Debug|Any CPU.ActiveCfg = Debug|Any CPU
		{7F9DCFB9-433A-459D-834A-CF49980F7ED5}.Debug|Any CPU.Build.0 = Debug|Any CPU
		{7F9DCFB9-433A-459D-834A-CF49980F7ED5}.Release|Any CPU.ActiveCfg = Release|Any CPU
		{7F9DCFB9-433A-459D-834A-CF49980F7ED5}.Release|Any CPU.Build.0 = Release|Any CPU
		{9850033A-7262-4D7B-AE92-A0597EE09A9B}.Debug|Any CPU.ActiveCfg = Debug|Any CPU
		{9850033A-7262-4D7B-AE92-A0597EE09A9B}.Debug|Any CPU.Build.0 = Debug|Any CPU
		{9850033A-7262-4D7B-AE92-A0597EE09A9B}.Release|Any CPU.ActiveCfg = Release|Any CPU
		{9850033A-7262-4D7B-AE92-A0597EE09A9B}.Release|Any CPU.Build.0 = Release|Any CPU
		{E4DB22F8-5331-41CC-AED1-DF03A854BBBE}.Debug|Any CPU.ActiveCfg = Debug|Any CPU
		{E4DB22F8-5331-41CC-AED1-DF03A854BBBE}.Debug|Any CPU.Build.0 = Debug|Any CPU
		{E4DB22F8-5331-41CC-AED1-DF03A854BBBE}.Release|Any CPU.ActiveCfg = Release|Any CPU
		{E4DB22F8-5331-41CC-AED1-DF03A854BBBE}.Release|Any CPU.Build.0 = Release|Any CPU
		{0B4AAB95-DDB9-4A3C-B72A-28C2B3F53C92}.Debug|Any CPU.ActiveCfg = Debug|Any CPU
		{0B4AAB95-DDB9-4A3C-B72A-28C2B3F53C92}.Debug|Any CPU.Build.0 = Debug|Any CPU
		{0B4AAB95-DDB9-4A3C-B72A-28C2B3F53C92}.Release|Any CPU.ActiveCfg = Release|Any CPU
		{0B4AAB95-DDB9-4A3C-B72A-28C2B3F53C92}.Release|Any CPU.Build.0 = Release|Any CPU
	EndGlobalSection
	GlobalSection(SolutionProperties) = preSolution
		HideSolutionNode = FALSE
	EndGlobalSection
	GlobalSection(NestedProjects) = preSolution
		{BB2B7542-AD37-46A1-BAEA-C7AE784E719D} = {6EB7DD58-398F-4A7C-989A-C03C807CE32B}
		{41ABA18C-D811-48E7-BF79-A7945F468322} = {6EB7DD58-398F-4A7C-989A-C03C807CE32B}
		{B1BAF500-2C49-41AC-9EB5-34131A716790} = {6EB7DD58-398F-4A7C-989A-C03C807CE32B}
		{44628C57-9DFF-4031-8629-9505E4181964} = {BB2B7542-AD37-46A1-BAEA-C7AE784E719D}
		{76F75EBE-6DA5-41C5-8C7C-3B297344E487} = {BB2B7542-AD37-46A1-BAEA-C7AE784E719D}
		{908CF945-F26C-475E-A2B7-907AF45DC877} = {44628C57-9DFF-4031-8629-9505E4181964}
		{4C7FC39F-0D10-4E60-8C00-9D28FB63D009} = {76F75EBE-6DA5-41C5-8C7C-3B297344E487}
		{7F9DCFB9-433A-459D-834A-CF49980F7ED5} = {76F75EBE-6DA5-41C5-8C7C-3B297344E487}
		{9850033A-7262-4D7B-AE92-A0597EE09A9B} = {DB72F612-D636-477F-B804-50A140760AB1}
		{E4DB22F8-5331-41CC-AED1-DF03A854BBBE} = {B1BAF500-2C49-41AC-9EB5-34131A716790}
		{39943C43-8C14-43BF-AE84-DA5742392909} = {41ABA18C-D811-48E7-BF79-A7945F468322}
		{0B4AAB95-DDB9-4A3C-B72A-28C2B3F53C92} = {39943C43-8C14-43BF-AE84-DA5742392909}
		{DB72F612-D636-477F-B804-50A140760AB1} = {41ABA18C-D811-48E7-BF79-A7945F468322}
	EndGlobalSection
EndGlobal
